{
  "originHash" : "d0b26577d6772b44e4cea40c38a379d60187b8c44f9a5e59ddbd68a813a436a1",
  "pins" : [
    {
      "identity" : "kingfisher",
      "kind" : "remoteSourceControl",
      "location" : "https://github.com/onevcat/Kingfisher",
      "state" : {
        "revision" : "b450a3b30e0767277a6eed7e02dbdebd7d173da0",
        "version" : "8.3.0"
      }
    },
    {
      "identity" : "progresshud",
      "kind" : "remoteSourceControl",
      "location" : "https://github.com/relatedcode/ProgressHUD",
      "state" : {
        "revision" : "9364904a42cb25f58d026451140c4080a868e72e",
        "version" : "14.1.3"
      }
    },
    {
      "identity" : "rick-and-morty-swift-api",
      "kind" : "remoteSourceControl",
      "location" : "https://github.com/benjaminbruch/Rick-and-Morty-Swift-API",
      "state" : {
        "revision" : "4ca6dda9e32481aca9c4927ca7b5638d71d7b699",
        "version" : "1.0.0"
      }
    }
  ],
  "version" : 3
}
