{
  "originHash" : "74d913b71360ebd3656ad41afd44d3ad781eca34cd32027b5eaee7df2918c324",
  "pins" : [
    {
      "identity" : "kingfisher",
      "kind" : "remoteSourceControl",
      "location" : "https://github.com/onevcat/Kingfisher",
      "state" : {
        "revision" : "b450a3b30e0767277a6eed7e02dbdebd7d173da0",
        "version" : "8.3.0"
      }
    },
    {
      "identity" : "rick-and-morty-swift-api",
      "kind" : "remoteSourceControl",
      "location" : "https://github.com/benjaminbruch/Rick-and-Morty-Swift-API",
      "state" : {
        "revision" : "4ca6dda9e32481aca9c4927ca7b5638d71d7b699",
        "version" : "1.0.0"
      }
    }
  ],
  "version" : 3
}
